
Microsoft Visual Studio Solution File, Format Version 12.00
# Visual Studio 2012
Project("{F2A71F9B-5D33-465A-A702-920D77279786}") = "StochasticPI.fs", "StochasticPI.fs\StochasticPI.fs.fsproj", "{04CA44D6-1B45-48AF-928F-64C2A3CF22C8}"
EndProject
Project("{F2A71F9B-5D33-465A-A702-920D77279786}") = "StochasticPI.Tests", "StochasticPI.Tests\StochasticPI.Tests.fsproj", "{883E303E-9E95-4355-AC45-F31CEBE21D2E}"
EndProject
Global
	GlobalSection(SolutionConfigurationPlatforms) = preSolution
		Debug|Any CPU = Debug|Any CPU
		Release|Any CPU = Release|Any CPU
	EndGlobalSection
	GlobalSection(ProjectConfigurationPlatforms) = postSolution
		{04CA44D6-1B45-48AF-928F-64C2A3CF22C8}.Debug|Any CPU.ActiveCfg = Debug|Any CPU
		{04CA44D6-1B45-48AF-928F-64C2A3CF22C8}.Debug|Any CPU.Build.0 = Debug|Any CPU
		{04CA44D6-1B45-48AF-928F-64C2A3CF22C8}.Release|Any CPU.ActiveCfg = Release|Any CPU
		{04CA44D6-1B45-48AF-928F-64C2A3CF22C8}.Release|Any CPU.Build.0 = Release|Any CPU
		{883E303E-9E95-4355-AC45-F31CEBE21D2E}.Debug|Any CPU.ActiveCfg = Debug|Any CPU
		{883E303E-9E95-4355-AC45-F31CEBE21D2E}.Debug|Any CPU.Build.0 = Debug|Any CPU
		{883E303E-9E95-4355-AC45-F31CEBE21D2E}.Release|Any CPU.ActiveCfg = Release|Any CPU
		{883E303E-9E95-4355-AC45-F31CEBE21D2E}.Release|Any CPU.Build.0 = Release|Any CPU
	EndGlobalSection
	GlobalSection(SolutionProperties) = preSolution
		HideSolutionNode = FALSE
	EndGlobalSection
EndGlobal
